
Microsoft Visual Studio Solution File, Format Version 12.00
# Visual Studio Version 16
VisualStudioVersion = 16.0.29728.190
MinimumVisualStudioVersion = 10.0.40219.1
Project("{9A19103F-16F7-4668-BE54-9A1E7A4F7556}") = "HPS", "HPS\HPS.csproj", "{A40D5539-A6A4-46BF-B37C-1B215EF69EA6}"
EndProject
Project("{FAE04EC0-301F-11D3-BF4B-00C04F79EFBC}") = "StringOperations", "StringOperations\StringOperations.csproj", "{31DEF892-18A2-479C-9FC7-3A4589DF5703}"
EndProject
Global
	GlobalSection(SolutionConfigurationPlatforms) = preSolution
		Debug|Any CPU = Debug|Any CPU
		Release|Any CPU = Release|Any CPU
	EndGlobalSection
	GlobalSection(ProjectConfigurationPlatforms) = postSolution
		{A40D5539-A6A4-46BF-B37C-1B215EF69EA6}.Debug|Any CPU.ActiveCfg = Debug|Any CPU
		{A40D5539-A6A4-46BF-B37C-1B215EF69EA6}.Debug|Any CPU.Build.0 = Debug|Any CPU
		{A40D5539-A6A4-46BF-B37C-1B215EF69EA6}.Release|Any CPU.ActiveCfg = Release|Any CPU
		{A40D5539-A6A4-46BF-B37C-1B215EF69EA6}.Release|Any CPU.Build.0 = Release|Any CPU
		{31DEF892-18A2-479C-9FC7-3A4589DF5703}.Debug|Any CPU.ActiveCfg = Debug|Any CPU
		{31DEF892-18A2-479C-9FC7-3A4589DF5703}.Debug|Any CPU.Build.0 = Debug|Any CPU
		{31DEF892-18A2-479C-9FC7-3A4589DF5703}.Release|Any CPU.ActiveCfg = Release|Any CPU
		{31DEF892-18A2-479C-9FC7-3A4589DF5703}.Release|Any CPU.Build.0 = Release|Any CPU
	EndGlobalSection
	GlobalSection(SolutionProperties) = preSolution
		HideSolutionNode = FALSE
	EndGlobalSection
	GlobalSection(ExtensibilityGlobals) = postSolution
		SolutionGuid = {4E380002-1BEA-46E8-BE2A-FF2E1B907A2C}
	EndGlobalSection
EndGlobal
